<Solution>
  <Folder Name="/docker/">
    <File Path=".env" />
    <File Path=".env.example" />
    <File Path="docker-compose.yml" />
  </Folder>
  <Folder Name="/git/">
    <File Path=".gitattributes" />
    <File Path=".gitignore" />
  </Folder>
  <Folder Name="/others/">
    <File Path=".editorconfig" />
    <File Path="init-mongo.js" />
  </Folder>
  <Project Path="FrameRecall.DataAccess.Tests/FrameRecall.DataAccess.Tests.csproj" />
  <Project Path="FrameRecall.DataAccess/FrameRecall.DataAccess.csproj" />
</Solution>
